// !$*UTF8*$!
{
	archiveVersion = 1;
	classes = {
	};
	objectVersion = 50;
	objects = {

/* Begin PBXBuildFile section */
		F7035291244308990013C165 /* SWCompression.framework in Frameworks */ = {isa = PBXBuildFile; fileRef = F7035290244308990013C165 /* SWCompression.framework */; };
		F7035292244308990013C165 /* SWCompression.framework in Embed Frameworks */ = {isa = PBXBuildFile; fileRef = F7035290244308990013C165 /* SWCompression.framework */; settings = {ATTRIBUTES = (CodeSignOnCopy, RemoveHeadersOnCopy, ); }; };
		F70352952443089C0013C165 /* BitByteData.framework in Frameworks */ = {isa = PBXBuildFile; fileRef = F70352942443089C0013C165 /* BitByteData.framework */; };
		F70352962443089C0013C165 /* BitByteData.framework in Embed Frameworks */ = {isa = PBXBuildFile; fileRef = F70352942443089C0013C165 /* BitByteData.framework */; settings = {ATTRIBUTES = (CodeSignOnCopy, RemoveHeadersOnCopy, ); }; };
		F71D667E2442B7FE0048089D /* main.swift in Sources */ = {isa = PBXBuildFile; fileRef = F71D667D2442B7FE0048089D /* main.swift */; };
		F7416E682442F167007C08AF /* dpkgWrapper.m in Sources */ = {isa = PBXBuildFile; fileRef = F7416E632442F071007C08AF /* dpkgWrapper.m */; };
		F7416E692442F167007C08AF /* dpkgInline.c in Sources */ = {isa = PBXBuildFile; fileRef = F7416E612442F071007C08AF /* dpkgInline.c */; };
/* End PBXBuildFile section */

/* Begin PBXCopyFilesBuildPhase section */
		F7035293244308990013C165 /* Embed Frameworks */ = {
			isa = PBXCopyFilesBuildPhase;
			buildActionMask = 2147483647;
			dstPath = "";
			dstSubfolderSpec = 10;
			files = (
				F70352962443089C0013C165 /* BitByteData.framework in Embed Frameworks */,
				F7035292244308990013C165 /* SWCompression.framework in Embed Frameworks */,
			);
			name = "Embed Frameworks";
			runOnlyForDeploymentPostprocessing = 0;
		};
		F71D66782442B7FE0048089D /* CopyFiles */ = {
			isa = PBXCopyFilesBuildPhase;
			buildActionMask = 2147483647;
			dstPath = /usr/share/man/man1/;
			dstSubfolderSpec = 0;
			files = (
			);
			runOnlyForDeploymentPostprocessing = 1;
		};
/* End PBXCopyFilesBuildPhase section */

/* Begin PBXFileReference section */
		F7035290244308990013C165 /* SWCompression.framework */ = {isa = PBXFileReference; explicitFileType = wrapper.framework; path = SWCompression.framework; sourceTree = BUILT_PRODUCTS_DIR; };
		F70352942443089C0013C165 /* BitByteData.framework */ = {isa = PBXFileReference; explicitFileType = wrapper.framework; path = BitByteData.framework; sourceTree = BUILT_PRODUCTS_DIR; };
		F71D667A2442B7FE0048089D /* RepoSync */ = {isa = PBXFileReference; explicitFileType = "compiled.mach-o.executable"; includeInIndex = 0; path = RepoSync; sourceTree = BUILT_PRODUCTS_DIR; };
		F71D667D2442B7FE0048089D /* main.swift */ = {isa = PBXFileReference; lastKnownFileType = sourcecode.swift; path = main.swift; sourceTree = "<group>"; };
		F7416E5E2442F071007C08AF /* Bridge.h */ = {isa = PBXFileReference; lastKnownFileType = sourcecode.c.h; path = Bridge.h; sourceTree = "<group>"; };
		F7416E612442F071007C08AF /* dpkgInline.c */ = {isa = PBXFileReference; lastKnownFileType = sourcecode.c.c; path = dpkgInline.c; sourceTree = "<group>"; };
		F7416E622442F071007C08AF /* dpkgWrapper.h */ = {isa = PBXFileReference; lastKnownFileType = sourcecode.c.h; path = dpkgWrapper.h; sourceTree = "<group>"; };
		F7416E632442F071007C08AF /* dpkgWrapper.m */ = {isa = PBXFileReference; lastKnownFileType = sourcecode.c.objc; path = dpkgWrapper.m; sourceTree = "<group>"; };
		F7416E652442F071007C08AF /* dpkgInline.h */ = {isa = PBXFileReference; lastKnownFileType = sourcecode.c.h; path = dpkgInline.h; sourceTree = "<group>"; };
/* End PBXFileReference section */

/* Begin PBXFrameworksBuildPhase section */
		F71D66772442B7FE0048089D /* Frameworks */ = {
			isa = PBXFrameworksBuildPhase;
			buildActionMask = 2147483647;
			files = (
				F70352952443089C0013C165 /* BitByteData.framework in Frameworks */,
				F7035291244308990013C165 /* SWCompression.framework in Frameworks */,
			);
			runOnlyForDeploymentPostprocessing = 0;
		};
/* End PBXFrameworksBuildPhase section */

/* Begin PBXGroup section */
		F703528F244308990013C165 /* Frameworks */ = {
			isa = PBXGroup;
			children = (
				F70352942443089C0013C165 /* BitByteData.framework */,
				F7035290244308990013C165 /* SWCompression.framework */,
			);
			name = Frameworks;
			sourceTree = "<group>";
		};
		F71D66712442B7FE0048089D = {
			isa = PBXGroup;
			children = (
				F71D667C2442B7FE0048089D /* RepoSync */,
				F71D667B2442B7FE0048089D /* Products */,
				F703528F244308990013C165 /* Frameworks */,
			);
			sourceTree = "<group>";
		};
		F71D667B2442B7FE0048089D /* Products */ = {
			isa = PBXGroup;
			children = (
				F71D667A2442B7FE0048089D /* RepoSync */,
			);
			name = Products;
			sourceTree = "<group>";
		};
		F71D667C2442B7FE0048089D /* RepoSync */ = {
			isa = PBXGroup;
			children = (
				F7416E5F2442F071007C08AF /* dpkg */,
				F7416E5E2442F071007C08AF /* Bridge.h */,
				F71D667D2442B7FE0048089D /* main.swift */,
			);
			path = RepoSync;
			sourceTree = "<group>";
		};
		F7416E5F2442F071007C08AF /* dpkg */ = {
			isa = PBXGroup;
			children = (
				F7416E622442F071007C08AF /* dpkgWrapper.h */,
				F7416E632442F071007C08AF /* dpkgWrapper.m */,
				F7416E612442F071007C08AF /* dpkgInline.c */,
				F7416E652442F071007C08AF /* dpkgInline.h */,
			);
			path = dpkg;
			sourceTree = "<group>";
		};
/* End PBXGroup section */

/* Begin PBXNativeTarget section */
		F71D66792442B7FE0048089D /* RepoSync */ = {
			isa = PBXNativeTarget;
			buildConfigurationList = F71D66812442B7FE0048089D /* Build configuration list for PBXNativeTarget "RepoSync" */;
			buildPhases = (
				F71D66762442B7FE0048089D /* Sources */,
				F71D66772442B7FE0048089D /* Frameworks */,
				F71D66782442B7FE0048089D /* CopyFiles */,
				F7B5BC0224430280004AFE01 /* ShellScript */,
				F7035293244308990013C165 /* Embed Frameworks */,
			);
			buildRules = (
			);
			dependencies = (
			);
			name = RepoSync;
			productName = RepoSync;
			productReference = F71D667A2442B7FE0048089D /* RepoSync */;
			productType = "com.apple.product-type.tool";
		};
/* End PBXNativeTarget section */

/* Begin PBXProject section */
		F71D66722442B7FE0048089D /* Project object */ = {
			isa = PBXProject;
			attributes = {
				LastSwiftUpdateCheck = 1130;
				LastUpgradeCheck = 1130;
				ORGANIZATIONNAME = "Lakr Aream";
				TargetAttributes = {
					F71D66792442B7FE0048089D = {
						CreatedOnToolsVersion = 11.3;
					};
				};
			};
			buildConfigurationList = F71D66752442B7FE0048089D /* Build configuration list for PBXProject "RepoSync" */;
			compatibilityVersion = "Xcode 9.3";
			developmentRegion = en;
			hasScannedForEncodings = 0;
			knownRegions = (
				en,
				Base,
			);
			mainGroup = F71D66712442B7FE0048089D;
			productRefGroup = F71D667B2442B7FE0048089D /* Products */;
			projectDirPath = "";
			projectRoot = "";
			targets = (
				F71D66792442B7FE0048089D /* RepoSync */,
			);
		};
/* End PBXProject section */

/* Begin PBXShellScriptBuildPhase section */
		F7B5BC0224430280004AFE01 /* ShellScript */ = {
			isa = PBXShellScriptBuildPhase;
			buildActionMask = 2147483647;
			files = (
			);
			inputFileListPaths = (
			);
			inputPaths = (
			);
			outputFileListPaths = (
			);
			outputPaths = (
			);
			runOnlyForDeploymentPostprocessing = 0;
			shellPath = /bin/sh;
			shellScript = "# Type a script or drag a script file from your workspace to insert its path.\nrm -rf $PROJECT_DIR/CI\nmkdir -p $PROJECT_DIR/CI\ncp -r $BUILT_PRODUCTS_DIR/* $PROJECT_DIR/CI/\n";
		};
/* End PBXShellScriptBuildPhase section */

/* Begin PBXSourcesBuildPhase section */
		F71D66762442B7FE0048089D /* Sources */ = {
			isa = PBXSourcesBuildPhase;
			buildActionMask = 2147483647;
			files = (
				F71D667E2442B7FE0048089D /* main.swift in Sources */,
				F7416E682442F167007C08AF /* dpkgWrapper.m in Sources */,
				F7416E692442F167007C08AF /* dpkgInline.c in Sources */,
			);
			runOnlyForDeploymentPostprocessing = 0;
		};
/* End PBXSourcesBuildPhase section */

/* Begin XCBuildConfiguration section */
		F71D667F2442B7FE0048089D /* Debug */ = {
			isa = XCBuildConfiguration;
			buildSettings = {
				ALWAYS_SEARCH_USER_PATHS = NO;
				CLANG_ANALYZER_NONNULL = YES;
				CLANG_ANALYZER_NUMBER_OBJECT_CONVERSION = YES_AGGRESSIVE;
				CLANG_CXX_LANGUAGE_STANDARD = "gnu++14";
				CLANG_CXX_LIBRARY = "libc++";
				CLANG_ENABLE_MODULES = YES;
				CLANG_ENABLE_OBJC_ARC = YES;
				CLANG_ENABLE_OBJC_WEAK = YES;
				CLANG_WARN_BLOCK_CAPTURE_AUTORELEASING = YES;
				CLANG_WARN_BOOL_CONVERSION = YES;
				CLANG_WARN_COMMA = YES;
				CLANG_WARN_CONSTANT_CONVERSION = YES;
				CLANG_WARN_DEPRECATED_OBJC_IMPLEMENTATIONS = YES;
				CLANG_WARN_DIRECT_OBJC_ISA_USAGE = YES_ERROR;
				CLANG_WARN_DOCUMENTATION_COMMENTS = YES;
				CLANG_WARN_EMPTY_BODY = YES;
				CLANG_WARN_ENUM_CONVERSION = YES;
				CLANG_WARN_INFINITE_RECURSION = YES;
				CLANG_WARN_INT_CONVERSION = YES;
				CLANG_WARN_NON_LITERAL_NULL_CONVERSION = YES;
				CLANG_WARN_OBJC_IMPLICIT_RETAIN_SELF = YES;
				CLANG_WARN_OBJC_LITERAL_CONVERSION = YES;
				CLANG_WARN_OBJC_ROOT_CLASS = YES_ERROR;
				CLANG_WARN_RANGE_LOOP_ANALYSIS = YES;
				CLANG_WARN_STRICT_PROTOTYPES = YES;
				CLANG_WARN_SUSPICIOUS_MOVE = YES;
				CLANG_WARN_UNGUARDED_AVAILABILITY = YES_AGGRESSIVE;
				CLANG_WARN_UNREACHABLE_CODE = YES;
				CLANG_WARN__DUPLICATE_METHOD_MATCH = YES;
				COPY_PHASE_STRIP = NO;
				DEBUG_INFORMATION_FORMAT = dwarf;
				ENABLE_STRICT_OBJC_MSGSEND = YES;
				ENABLE_TESTABILITY = YES;
				GCC_C_LANGUAGE_STANDARD = gnu11;
				GCC_DYNAMIC_NO_PIC = NO;
				GCC_NO_COMMON_BLOCKS = YES;
				GCC_OPTIMIZATION_LEVEL = 0;
				GCC_PREPROCESSOR_DEFINITIONS = (
					"DEBUG=1",
					"$(inherited)",
				);
				GCC_WARN_64_TO_32_BIT_CONVERSION = YES;
				GCC_WARN_ABOUT_RETURN_TYPE = YES_ERROR;
				GCC_WARN_UNDECLARED_SELECTOR = YES;
				GCC_WARN_UNINITIALIZED_AUTOS = YES_AGGRESSIVE;
				GCC_WARN_UNUSED_FUNCTION = YES;
				GCC_WARN_UNUSED_VARIABLE = YES;
				MACOSX_DEPLOYMENT_TARGET = 10.15;
				MTL_ENABLE_DEBUG_INFO = INCLUDE_SOURCE;
				MTL_FAST_MATH = YES;
				ONLY_ACTIVE_ARCH = YES;
				SDKROOT = macosx;
				SWIFT_ACTIVE_COMPILATION_CONDITIONS = DEBUG;
				SWIFT_OPTIMIZATION_LEVEL = "-Onone";
			};
			name = Debug;
		};
		F71D66802442B7FE0048089D /* Release */ = {
			isa = XCBuildConfiguration;
			buildSettings = {
				ALWAYS_SEARCH_USER_PATHS = NO;
				CLANG_ANALYZER_NONNULL = YES;
				CLANG_ANALYZER_NUMBER_OBJECT_CONVERSION = YES_AGGRESSIVE;
				CLANG_CXX_LANGUAGE_STANDARD = "gnu++14";
				CLANG_CXX_LIBRARY = "libc++";
				CLANG_ENABLE_MODULES = YES;
				CLANG_ENABLE_OBJC_ARC = YES;
				CLANG_ENABLE_OBJC_WEAK = YES;
				CLANG_WARN_BLOCK_CAPTURE_AUTORELEASING = YES;
				CLANG_WARN_BOOL_CONVERSION = YES;
				CLANG_WARN_COMMA = YES;
				CLANG_WARN_CONSTANT_CONVERSION = YES;
				CLANG_WARN_DEPRECATED_OBJC_IMPLEMENTATIONS = YES;
				CLANG_WARN_DIRECT_OBJC_ISA_USAGE = YES_ERROR;
				CLANG_WARN_DOCUMENTATION_COMMENTS = YES;
				CLANG_WARN_EMPTY_BODY = YES;
				CLANG_WARN_ENUM_CONVERSION = YES;
				CLANG_WARN_INFINITE_RECURSION = YES;
				CLANG_WARN_INT_CONVERSION = YES;
				CLANG_WARN_NON_LITERAL_NULL_CONVERSION = YES;
				CLANG_WARN_OBJC_IMPLICIT_RETAIN_SELF = YES;
				CLANG_WARN_OBJC_LITERAL_CONVERSION = YES;
				CLANG_WARN_OBJC_ROOT_CLASS = YES_ERROR;
				CLANG_WARN_RANGE_LOOP_ANALYSIS = YES;
				CLANG_WARN_STRICT_PROTOTYPES = YES;
				CLANG_WARN_SUSPICIOUS_MOVE = YES;
				CLANG_WARN_UNGUARDED_AVAILABILITY = YES_AGGRESSIVE;
				CLANG_WARN_UNREACHABLE_CODE = YES;
				CLANG_WARN__DUPLICATE_METHOD_MATCH = YES;
				COPY_PHASE_STRIP = NO;
				DEBUG_INFORMATION_FORMAT = "dwarf-with-dsym";
				ENABLE_NS_ASSERTIONS = NO;
				ENABLE_STRICT_OBJC_MSGSEND = YES;
				GCC_C_LANGUAGE_STANDARD = gnu11;
				GCC_NO_COMMON_BLOCKS = YES;
				GCC_WARN_64_TO_32_BIT_CONVERSION = YES;
				GCC_WARN_ABOUT_RETURN_TYPE = YES_ERROR;
				GCC_WARN_UNDECLARED_SELECTOR = YES;
				GCC_WARN_UNINITIALIZED_AUTOS = YES_AGGRESSIVE;
				GCC_WARN_UNUSED_FUNCTION = YES;
				GCC_WARN_UNUSED_VARIABLE = YES;
				MACOSX_DEPLOYMENT_TARGET = 10.15;
				MTL_ENABLE_DEBUG_INFO = NO;
				MTL_FAST_MATH = YES;
				SDKROOT = macosx;
				SWIFT_COMPILATION_MODE = wholemodule;
				SWIFT_OPTIMIZATION_LEVEL = "-O";
			};
			name = Release;
		};
		F71D66822442B7FE0048089D /* Debug */ = {
			isa = XCBuildConfiguration;
			buildSettings = {
				ALWAYS_EMBED_SWIFT_STANDARD_LIBRARIES = YES;
				CODE_SIGN_IDENTITY = "-";
				CODE_SIGN_STYLE = Automatic;
				LD_RUNPATH_SEARCH_PATHS = (
					"$(TOOLCHAIN_DIR)/usr/lib/swift/macosx",
					"@executable_path",
				);
				PRODUCT_NAME = "$(TARGET_NAME)";
				SWIFT_FORCE_DYNAMIC_LINK_STDLIB = YES;
				SWIFT_FORCE_STATIC_LINK_STDLIB = NO;
				SWIFT_OBJC_BRIDGING_HEADER = RepoSync/Bridge.h;
				SWIFT_VERSION = 5.0;
			};
			name = Debug;
		};
		F71D66832442B7FE0048089D /* Release */ = {
			isa = XCBuildConfiguration;
			buildSettings = {
				ALWAYS_EMBED_SWIFT_STANDARD_LIBRARIES = YES;
				CODE_SIGN_IDENTITY = "-";
				CODE_SIGN_STYLE = Automatic;
				LD_RUNPATH_SEARCH_PATHS = (
					"$(TOOLCHAIN_DIR)/usr/lib/swift/macosx",
					"@executable_path",
				);
				PRODUCT_NAME = "$(TARGET_NAME)";
				SWIFT_FORCE_DYNAMIC_LINK_STDLIB = YES;
				SWIFT_FORCE_STATIC_LINK_STDLIB = NO;
				SWIFT_OBJC_BRIDGING_HEADER = RepoSync/Bridge.h;
				SWIFT_VERSION = 5.0;
			};
			name = Release;
		};
/* End XCBuildConfiguration section */

/* Begin XCConfigurationList section */
		F71D66752442B7FE0048089D /* Build configuration list for PBXProject "RepoSync" */ = {
			isa = XCConfigurationList;
			buildConfigurations = (
				F71D667F2442B7FE0048089D /* Debug */,
				F71D66802442B7FE0048089D /* Release */,
			);
			defaultConfigurationIsVisible = 0;
			defaultConfigurationName = Release;
		};
		F71D66812442B7FE0048089D /* Build configuration list for PBXNativeTarget "RepoSync" */ = {
			isa = XCConfigurationList;
			buildConfigurations = (
				F71D66822442B7FE0048089D /* Debug */,
				F71D66832442B7FE0048089D /* Release */,
			);
			defaultConfigurationIsVisible = 0;
			defaultConfigurationName = Release;
		};
/* End XCConfigurationList section */
	};
	rootObject = F71D66722442B7FE0048089D /* Project object */;
}
